
Microsoft Visual Studio Solution File, Format Version 12.00
# Visual Studio Version 16
VisualStudioVersion = 16.0.31702.278
MinimumVisualStudioVersion = 10.0.40219.1
Project("{9A19103F-16F7-4668-BE54-9A1E7A4F7556}") = "EventBasedServiceTemplate.API", "EventBasedServiceTemplate.API\EventBasedServiceTemplate.API.csproj", "{6ECC177E-2C2B-4AFD-93DE-A92E0185C1A7}"
EndProject
Project("{9A19103F-16F7-4668-BE54-9A1E7A4F7556}") = "EventBasedServiceTemplate.Persistence", "EventBasedServiceTemplate.Persistence\EventBasedServiceTemplate.Persistence.csproj", "{F94C05C2-A7EF-453A-A123-9D357528F44C}"
EndProject
Project("{9A19103F-16F7-4668-BE54-9A1E7A4F7556}") = "EventBasedServiceTemplate.Domain", "EventBasedServiceTemplate.Domain\EventBasedServiceTemplate.Domain.csproj", "{0E070275-9CBB-461F-98F0-1B63B2B007B6}"
EndProject
Project("{9A19103F-16F7-4668-BE54-9A1E7A4F7556}") = "EventBasedServiceTemplate.Behavior", "EventBasedServiceTemplate.Services\EventBasedServiceTemplate.Behavior.csproj", "{91AA80C4-CB9C-4D74-9BD7-5DF6D8FC5C8A}"
EndProject
Project("{2150E333-8FDC-42A3-9474-1A3956D46DE8}") = "MessagingTest", "MessagingTest", "{6602A92B-9CA1-48D8-B82F-A7A8D2F40FA1}"
EndProject
Project("{9A19103F-16F7-4668-BE54-9A1E7A4F7556}") = "QueueCommunicationTest", "QueueCommunicationTest\QueueCommunicationTest.csproj", "{B41A7021-B993-4718-AD0E-6DBECE9631B3}"
EndProject
Project("{2150E333-8FDC-42A3-9474-1A3956D46DE8}") = "MessagingFramework", "MessagingFramework", "{6CC504DA-1A53-40B7-B2F3-137A72B4DB8D}"
EndProject
Project("{FAE04EC0-301F-11D3-BF4B-00C04F79EFBC}") = "QueueClient", "QueueClient\QueueClient.csproj", "{4CB448FA-792B-4917-9290-AA81F586532C}"
EndProject
Global
	GlobalSection(SolutionConfigurationPlatforms) = preSolution
		Debug|Any CPU = Debug|Any CPU
		Release|Any CPU = Release|Any CPU
	EndGlobalSection
	GlobalSection(ProjectConfigurationPlatforms) = postSolution
		{6ECC177E-2C2B-4AFD-93DE-A92E0185C1A7}.Debug|Any CPU.ActiveCfg = Debug|Any CPU
		{6ECC177E-2C2B-4AFD-93DE-A92E0185C1A7}.Debug|Any CPU.Build.0 = Debug|Any CPU
		{6ECC177E-2C2B-4AFD-93DE-A92E0185C1A7}.Release|Any CPU.ActiveCfg = Release|Any CPU
		{6ECC177E-2C2B-4AFD-93DE-A92E0185C1A7}.Release|Any CPU.Build.0 = Release|Any CPU
		{F94C05C2-A7EF-453A-A123-9D357528F44C}.Debug|Any CPU.ActiveCfg = Debug|Any CPU
		{F94C05C2-A7EF-453A-A123-9D357528F44C}.Debug|Any CPU.Build.0 = Debug|Any CPU
		{F94C05C2-A7EF-453A-A123-9D357528F44C}.Release|Any CPU.ActiveCfg = Release|Any CPU
		{F94C05C2-A7EF-453A-A123-9D357528F44C}.Release|Any CPU.Build.0 = Release|Any CPU
		{0E070275-9CBB-461F-98F0-1B63B2B007B6}.Debug|Any CPU.ActiveCfg = Debug|Any CPU
		{0E070275-9CBB-461F-98F0-1B63B2B007B6}.Debug|Any CPU.Build.0 = Debug|Any CPU
		{0E070275-9CBB-461F-98F0-1B63B2B007B6}.Release|Any CPU.ActiveCfg = Release|Any CPU
		{0E070275-9CBB-461F-98F0-1B63B2B007B6}.Release|Any CPU.Build.0 = Release|Any CPU
		{91AA80C4-CB9C-4D74-9BD7-5DF6D8FC5C8A}.Debug|Any CPU.ActiveCfg = Debug|Any CPU
		{91AA80C4-CB9C-4D74-9BD7-5DF6D8FC5C8A}.Debug|Any CPU.Build.0 = Debug|Any CPU
		{91AA80C4-CB9C-4D74-9BD7-5DF6D8FC5C8A}.Release|Any CPU.ActiveCfg = Release|Any CPU
		{91AA80C4-CB9C-4D74-9BD7-5DF6D8FC5C8A}.Release|Any CPU.Build.0 = Release|Any CPU
		{B41A7021-B993-4718-AD0E-6DBECE9631B3}.Debug|Any CPU.ActiveCfg = Debug|Any CPU
		{B41A7021-B993-4718-AD0E-6DBECE9631B3}.Debug|Any CPU.Build.0 = Debug|Any CPU
		{B41A7021-B993-4718-AD0E-6DBECE9631B3}.Release|Any CPU.ActiveCfg = Release|Any CPU
		{B41A7021-B993-4718-AD0E-6DBECE9631B3}.Release|Any CPU.Build.0 = Release|Any CPU
		{4CB448FA-792B-4917-9290-AA81F586532C}.Debug|Any CPU.ActiveCfg = Debug|Any CPU
		{4CB448FA-792B-4917-9290-AA81F586532C}.Debug|Any CPU.Build.0 = Debug|Any CPU
		{4CB448FA-792B-4917-9290-AA81F586532C}.Release|Any CPU.ActiveCfg = Release|Any CPU
		{4CB448FA-792B-4917-9290-AA81F586532C}.Release|Any CPU.Build.0 = Release|Any CPU
	EndGlobalSection
	GlobalSection(SolutionProperties) = preSolution
		HideSolutionNode = FALSE
	EndGlobalSection
	GlobalSection(NestedProjects) = preSolution
		{B41A7021-B993-4718-AD0E-6DBECE9631B3} = {6602A92B-9CA1-48D8-B82F-A7A8D2F40FA1}
		{4CB448FA-792B-4917-9290-AA81F586532C} = {6CC504DA-1A53-40B7-B2F3-137A72B4DB8D}
	EndGlobalSection
	GlobalSection(ExtensibilityGlobals) = postSolution
		SolutionGuid = {4F57EEB7-24DF-4495-BE02-2AA926BCABD5}
	EndGlobalSection
EndGlobal
